// !$*UTF8*$!
{
	archiveVersion = 1;
	classes = {
	};
	objectVersion = 56;
	objects = {

/* Begin PBXBuildFile section */
		0315DBF4299EB8C2003E5ED6 /* PHPickerViewController.View.swift in Sources */ = {isa = PBXBuildFile; fileRef = 0315DBF3299EB8C2003E5ED6 /* PHPickerViewController.View.swift */; };
		036D92FC299D91C8009D8A65 /* SwiftUI_ListApp.swift in Sources */ = {isa = PBXBuildFile; fileRef = 036D92FB299D91C8009D8A65 /* SwiftUI_ListApp.swift */; };
		036D92FE299D91C8009D8A65 /* ContentView.swift in Sources */ = {isa = PBXBuildFile; fileRef = 036D92FD299D91C8009D8A65 /* ContentView.swift */; };
		036D9300299D91C9009D8A65 /* Assets.xcassets in Resources */ = {isa = PBXBuildFile; fileRef = 036D92FF299D91C9009D8A65 /* Assets.xcassets */; };
		036D9303299D91C9009D8A65 /* Preview Assets.xcassets in Resources */ = {isa = PBXBuildFile; fileRef = 036D9302299D91C9009D8A65 /* Preview Assets.xcassets */; };
		036D930B299D98C2009D8A65 /* Book.swift in Sources */ = {isa = PBXBuildFile; fileRef = 036D930A299D98C2009D8A65 /* Book.swift */; };
		036D930E299D994D009D8A65 /* Book views.swift in Sources */ = {isa = PBXBuildFile; fileRef = 036D930D299D994D009D8A65 /* Book views.swift */; };
		036D9310299DCDDA009D8A65 /* Library.swift in Sources */ = {isa = PBXBuildFile; fileRef = 036D930F299DCDDA009D8A65 /* Library.swift */; };
		036D9312299DCFD0009D8A65 /* DetailView.swift in Sources */ = {isa = PBXBuildFile; fileRef = 036D9311299DCFCF009D8A65 /* DetailView.swift */; };
/* End PBXBuildFile section */

/* Begin PBXFileReference section */
		0315DBF3299EB8C2003E5ED6 /* PHPickerViewController.View.swift */ = {isa = PBXFileReference; fileEncoding = 4; lastKnownFileType = sourcecode.swift; path = PHPickerViewController.View.swift; sourceTree = "<group>"; };
		036D92F8299D91C8009D8A65 /* SwiftUI-List.app */ = {isa = PBXFileReference; explicitFileType = wrapper.application; includeInIndex = 0; path = "SwiftUI-List.app"; sourceTree = BUILT_PRODUCTS_DIR; };
		036D92FB299D91C8009D8A65 /* SwiftUI_ListApp.swift */ = {isa = PBXFileReference; lastKnownFileType = sourcecode.swift; path = SwiftUI_ListApp.swift; sourceTree = "<group>"; };
		036D92FD299D91C8009D8A65 /* ContentView.swift */ = {isa = PBXFileReference; lastKnownFileType = sourcecode.swift; path = ContentView.swift; sourceTree = "<group>"; };
		036D92FF299D91C9009D8A65 /* Assets.xcassets */ = {isa = PBXFileReference; lastKnownFileType = folder.assetcatalog; path = Assets.xcassets; sourceTree = "<group>"; };
		036D9302299D91C9009D8A65 /* Preview Assets.xcassets */ = {isa = PBXFileReference; lastKnownFileType = folder.assetcatalog; path = "Preview Assets.xcassets"; sourceTree = "<group>"; };
		036D930A299D98C2009D8A65 /* Book.swift */ = {isa = PBXFileReference; lastKnownFileType = sourcecode.swift; path = Book.swift; sourceTree = "<group>"; };
		036D930D299D994D009D8A65 /* Book views.swift */ = {isa = PBXFileReference; lastKnownFileType = sourcecode.swift; path = "Book views.swift"; sourceTree = "<group>"; };
		036D930F299DCDDA009D8A65 /* Library.swift */ = {isa = PBXFileReference; fileEncoding = 4; lastKnownFileType = sourcecode.swift; path = Library.swift; sourceTree = "<group>"; };
		036D9311299DCFCF009D8A65 /* DetailView.swift */ = {isa = PBXFileReference; lastKnownFileType = sourcecode.swift; path = DetailView.swift; sourceTree = "<group>"; };
/* End PBXFileReference section */

/* Begin PBXFrameworksBuildPhase section */
		036D92F5299D91C8009D8A65 /* Frameworks */ = {
			isa = PBXFrameworksBuildPhase;
			buildActionMask = 2147483647;
			files = (
			);
			runOnlyForDeploymentPostprocessing = 0;
		};
/* End PBXFrameworksBuildPhase section */

/* Begin PBXGroup section */
		036D92EF299D91C8009D8A65 = {
			isa = PBXGroup;
			children = (
				036D92FA299D91C8009D8A65 /* SwiftUI-List */,
				036D92F9299D91C8009D8A65 /* Products */,
			);
			sourceTree = "<group>";
		};
		036D92F9299D91C8009D8A65 /* Products */ = {
			isa = PBXGroup;
			children = (
				036D92F8299D91C8009D8A65 /* SwiftUI-List.app */,
			);
			name = Products;
			sourceTree = "<group>";
		};
		036D92FA299D91C8009D8A65 /* SwiftUI-List */ = {
			isa = PBXGroup;
			children = (
				036D9309299D98AA009D8A65 /* Model */,
				036D92FB299D91C8009D8A65 /* SwiftUI_ListApp.swift */,
				036D930C299D992F009D8A65 /* Views */,
				036D92FF299D91C9009D8A65 /* Assets.xcassets */,
				036D9301299D91C9009D8A65 /* Preview Content */,
			);
			path = "SwiftUI-List";
			sourceTree = "<group>";
		};
		036D9301299D91C9009D8A65 /* Preview Content */ = {
			isa = PBXGroup;
			children = (
				036D9302299D91C9009D8A65 /* Preview Assets.xcassets */,
			);
			path = "Preview Content";
			sourceTree = "<group>";
		};
		036D9309299D98AA009D8A65 /* Model */ = {
			isa = PBXGroup;
			children = (
				036D930F299DCDDA009D8A65 /* Library.swift */,
				036D930A299D98C2009D8A65 /* Book.swift */,
			);
			path = Model;
			sourceTree = "<group>";
		};
		036D930C299D992F009D8A65 /* Views */ = {
			isa = PBXGroup;
			children = (
				0315DBF3299EB8C2003E5ED6 /* PHPickerViewController.View.swift */,
				036D92FD299D91C8009D8A65 /* ContentView.swift */,
				036D930D299D994D009D8A65 /* Book views.swift */,
				036D9311299DCFCF009D8A65 /* DetailView.swift */,
			);
			path = Views;
			sourceTree = "<group>";
		};
/* End PBXGroup section */

/* Begin PBXNativeTarget section */
		036D92F7299D91C8009D8A65 /* SwiftUI-List */ = {
			isa = PBXNativeTarget;
			buildConfigurationList = 036D9306299D91C9009D8A65 /* Build configuration list for PBXNativeTarget "SwiftUI-List" */;
			buildPhases = (
				036D92F4299D91C8009D8A65 /* Sources */,
				036D92F5299D91C8009D8A65 /* Frameworks */,
				036D92F6299D91C8009D8A65 /* Resources */,
			);
			buildRules = (
			);
			dependencies = (
			);
			name = "SwiftUI-List";
			productName = "SwiftUI-List";
			productReference = 036D92F8299D91C8009D8A65 /* SwiftUI-List.app */;
			productType = "com.apple.product-type.application";
		};
/* End PBXNativeTarget section */

/* Begin PBXProject section */
		036D92F0299D91C8009D8A65 /* Project object */ = {
			isa = PBXProject;
			attributes = {
				BuildIndependentTargetsInParallel = 1;
				LastSwiftUpdateCheck = 1420;
				LastUpgradeCheck = 1420;
				TargetAttributes = {
					036D92F7299D91C8009D8A65 = {
						CreatedOnToolsVersion = 14.2;
					};
				};
			};
			buildConfigurationList = 036D92F3299D91C8009D8A65 /* Build configuration list for PBXProject "SwiftUI-List" */;
			compatibilityVersion = "Xcode 14.0";
			developmentRegion = en;
			hasScannedForEncodings = 0;
			knownRegions = (
				en,
				Base,
			);
			mainGroup = 036D92EF299D91C8009D8A65;
			productRefGroup = 036D92F9299D91C8009D8A65 /* Products */;
			projectDirPath = "";
			projectRoot = "";
			targets = (
				036D92F7299D91C8009D8A65 /* SwiftUI-List */,
			);
		};
/* End PBXProject section */

/* Begin PBXResourcesBuildPhase section */
		036D92F6299D91C8009D8A65 /* Resources */ = {
			isa = PBXResourcesBuildPhase;
			buildActionMask = 2147483647;
			files = (
				036D9303299D91C9009D8A65 /* Preview Assets.xcassets in Resources */,
				036D9300299D91C9009D8A65 /* Assets.xcassets in Resources */,
			);
			runOnlyForDeploymentPostprocessing = 0;
		};
/* End PBXResourcesBuildPhase section */

/* Begin PBXSourcesBuildPhase section */
		036D92F4299D91C8009D8A65 /* Sources */ = {
			isa = PBXSourcesBuildPhase;
			buildActionMask = 2147483647;
			files = (
				036D930E299D994D009D8A65 /* Book views.swift in Sources */,
				036D9312299DCFD0009D8A65 /* DetailView.swift in Sources */,
				036D92FE299D91C8009D8A65 /* ContentView.swift in Sources */,
				036D9310299DCDDA009D8A65 /* Library.swift in Sources */,
				0315DBF4299EB8C2003E5ED6 /* PHPickerViewController.View.swift in Sources */,
				036D92FC299D91C8009D8A65 /* SwiftUI_ListApp.swift in Sources */,
				036D930B299D98C2009D8A65 /* Book.swift in Sources */,
			);
			runOnlyForDeploymentPostprocessing = 0;
		};
/* End PBXSourcesBuildPhase section */

/* Begin XCBuildConfiguration section */
		036D9304299D91C9009D8A65 /* Debug */ = {
			isa = XCBuildConfiguration;
			buildSettings = {
				ALWAYS_SEARCH_USER_PATHS = NO;
				CLANG_ANALYZER_NONNULL = YES;
				CLANG_ANALYZER_NUMBER_OBJECT_CONVERSION = YES_AGGRESSIVE;
				CLANG_CXX_LANGUAGE_STANDARD = "gnu++20";
				CLANG_ENABLE_MODULES = YES;
				CLANG_ENABLE_OBJC_ARC = YES;
				CLANG_ENABLE_OBJC_WEAK = YES;
				CLANG_WARN_BLOCK_CAPTURE_AUTORELEASING = YES;
				CLANG_WARN_BOOL_CONVERSION = YES;
				CLANG_WARN_COMMA = YES;
				CLANG_WARN_CONSTANT_CONVERSION = YES;
				CLANG_WARN_DEPRECATED_OBJC_IMPLEMENTATIONS = YES;
				CLANG_WARN_DIRECT_OBJC_ISA_USAGE = YES_ERROR;
				CLANG_WARN_DOCUMENTATION_COMMENTS = YES;
				CLANG_WARN_EMPTY_BODY = YES;
				CLANG_WARN_ENUM_CONVERSION = YES;
				CLANG_WARN_INFINITE_RECURSION = YES;
				CLANG_WARN_INT_CONVERSION = YES;
				CLANG_WARN_NON_LITERAL_NULL_CONVERSION = YES;
				CLANG_WARN_OBJC_IMPLICIT_RETAIN_SELF = YES;
				CLANG_WARN_OBJC_LITERAL_CONVERSION = YES;
				CLANG_WARN_OBJC_ROOT_CLASS = YES_ERROR;
				CLANG_WARN_QUOTED_INCLUDE_IN_FRAMEWORK_HEADER = YES;
				CLANG_WARN_RANGE_LOOP_ANALYSIS = YES;
				CLANG_WARN_STRICT_PROTOTYPES = YES;
				CLANG_WARN_SUSPICIOUS_MOVE = YES;
				CLANG_WARN_UNGUARDED_AVAILABILITY = YES_AGGRESSIVE;
				CLANG_WARN_UNREACHABLE_CODE = YES;
				CLANG_WARN__DUPLICATE_METHOD_MATCH = YES;
				COPY_PHASE_STRIP = NO;
				DEBUG_INFORMATION_FORMAT = dwarf;
				ENABLE_STRICT_OBJC_MSGSEND = YES;
				ENABLE_TESTABILITY = YES;
				GCC_C_LANGUAGE_STANDARD = gnu11;
				GCC_DYNAMIC_NO_PIC = NO;
				GCC_NO_COMMON_BLOCKS = YES;
				GCC_OPTIMIZATION_LEVEL = 0;
				GCC_PREPROCESSOR_DEFINITIONS = (
					"DEBUG=1",
					"$(inherited)",
				);
				GCC_WARN_64_TO_32_BIT_CONVERSION = YES;
				GCC_WARN_ABOUT_RETURN_TYPE = YES_ERROR;
				GCC_WARN_UNDECLARED_SELECTOR = YES;
				GCC_WARN_UNINITIALIZED_AUTOS = YES_AGGRESSIVE;
				GCC_WARN_UNUSED_FUNCTION = YES;
				GCC_WARN_UNUSED_VARIABLE = YES;
				IPHONEOS_DEPLOYMENT_TARGET = 16.2;
				MTL_ENABLE_DEBUG_INFO = INCLUDE_SOURCE;
				MTL_FAST_MATH = YES;
				ONLY_ACTIVE_ARCH = YES;
				SDKROOT = iphoneos;
				SWIFT_ACTIVE_COMPILATION_CONDITIONS = DEBUG;
				SWIFT_OPTIMIZATION_LEVEL = "-Onone";
			};
			name = Debug;
		};
		036D9305299D91C9009D8A65 /* Release */ = {
			isa = XCBuildConfiguration;
			buildSettings = {
				ALWAYS_SEARCH_USER_PATHS = NO;
				CLANG_ANALYZER_NONNULL = YES;
				CLANG_ANALYZER_NUMBER_OBJECT_CONVERSION = YES_AGGRESSIVE;
				CLANG_CXX_LANGUAGE_STANDARD = "gnu++20";
				CLANG_ENABLE_MODULES = YES;
				CLANG_ENABLE_OBJC_ARC = YES;
				CLANG_ENABLE_OBJC_WEAK = YES;
				CLANG_WARN_BLOCK_CAPTURE_AUTORELEASING = YES;
				CLANG_WARN_BOOL_CONVERSION = YES;
				CLANG_WARN_COMMA = YES;
				CLANG_WARN_CONSTANT_CONVERSION = YES;
				CLANG_WARN_DEPRECATED_OBJC_IMPLEMENTATIONS = YES;
				CLANG_WARN_DIRECT_OBJC_ISA_USAGE = YES_ERROR;
				CLANG_WARN_DOCUMENTATION_COMMENTS = YES;
				CLANG_WARN_EMPTY_BODY = YES;
				CLANG_WARN_ENUM_CONVERSION = YES;
				CLANG_WARN_INFINITE_RECURSION = YES;
				CLANG_WARN_INT_CONVERSION = YES;
				CLANG_WARN_NON_LITERAL_NULL_CONVERSION = YES;
				CLANG_WARN_OBJC_IMPLICIT_RETAIN_SELF = YES;
				CLANG_WARN_OBJC_LITERAL_CONVERSION = YES;
				CLANG_WARN_OBJC_ROOT_CLASS = YES_ERROR;
				CLANG_WARN_QUOTED_INCLUDE_IN_FRAMEWORK_HEADER = YES;
				CLANG_WARN_RANGE_LOOP_ANALYSIS = YES;
				CLANG_WARN_STRICT_PROTOTYPES = YES;
				CLANG_WARN_SUSPICIOUS_MOVE = YES;
				CLANG_WARN_UNGUARDED_AVAILABILITY = YES_AGGRESSIVE;
				CLANG_WARN_UNREACHABLE_CODE = YES;
				CLANG_WARN__DUPLICATE_METHOD_MATCH = YES;
				COPY_PHASE_STRIP = NO;
				DEBUG_INFORMATION_FORMAT = "dwarf-with-dsym";
				ENABLE_NS_ASSERTIONS = NO;
				ENABLE_STRICT_OBJC_MSGSEND = YES;
				GCC_C_LANGUAGE_STANDARD = gnu11;
				GCC_NO_COMMON_BLOCKS = YES;
				GCC_WARN_64_TO_32_BIT_CONVERSION = YES;
				GCC_WARN_ABOUT_RETURN_TYPE = YES_ERROR;
				GCC_WARN_UNDECLARED_SELECTOR = YES;
				GCC_WARN_UNINITIALIZED_AUTOS = YES_AGGRESSIVE;
				GCC_WARN_UNUSED_FUNCTION = YES;
				GCC_WARN_UNUSED_VARIABLE = YES;
				IPHONEOS_DEPLOYMENT_TARGET = 16.2;
				MTL_ENABLE_DEBUG_INFO = NO;
				MTL_FAST_MATH = YES;
				SDKROOT = iphoneos;
				SWIFT_COMPILATION_MODE = wholemodule;
				SWIFT_OPTIMIZATION_LEVEL = "-O";
				VALIDATE_PRODUCT = YES;
			};
			name = Release;
		};
		036D9307299D91C9009D8A65 /* Debug */ = {
			isa = XCBuildConfiguration;
			buildSettings = {
				ASSETCATALOG_COMPILER_APPICON_NAME = AppIcon;
				ASSETCATALOG_COMPILER_GLOBAL_ACCENT_COLOR_NAME = AccentColor;
				CODE_SIGN_STYLE = Automatic;
				CURRENT_PROJECT_VERSION = 1;
				DEVELOPMENT_ASSET_PATHS = "\"SwiftUI-List/Preview Content\"";
				DEVELOPMENT_TEAM = S3T6T5AM5G;
				ENABLE_PREVIEWS = YES;
				GENERATE_INFOPLIST_FILE = YES;
				INFOPLIST_KEY_UIApplicationSceneManifest_Generation = YES;
				INFOPLIST_KEY_UIApplicationSupportsIndirectInputEvents = YES;
				INFOPLIST_KEY_UILaunchScreen_Generation = YES;
				INFOPLIST_KEY_UISupportedInterfaceOrientations_iPad = "UIInterfaceOrientationPortrait UIInterfaceOrientationPortraitUpsideDown UIInterfaceOrientationLandscapeLeft UIInterfaceOrientationLandscapeRight";
				INFOPLIST_KEY_UISupportedInterfaceOrientations_iPhone = "UIInterfaceOrientationPortrait UIInterfaceOrientationLandscapeLeft UIInterfaceOrientationLandscapeRight";
				LD_RUNPATH_SEARCH_PATHS = (
					"$(inherited)",
					"@executable_path/Frameworks",
				);
				MARKETING_VERSION = 1.0;
				PRODUCT_BUNDLE_IDENTIFIER = "com.morshed.alam.SwiftUI-List";
				PRODUCT_NAME = "$(TARGET_NAME)";
				SWIFT_EMIT_LOC_STRINGS = YES;
				SWIFT_VERSION = 5.0;
				TARGETED_DEVICE_FAMILY = "1,2";
			};
			name = Debug;
		};
		036D9308299D91C9009D8A65 /* Release */ = {
			isa = XCBuildConfiguration;
			buildSettings = {
				ASSETCATALOG_COMPILER_APPICON_NAME = AppIcon;
				ASSETCATALOG_COMPILER_GLOBAL_ACCENT_COLOR_NAME = AccentColor;
				CODE_SIGN_STYLE = Automatic;
				CURRENT_PROJECT_VERSION = 1;
				DEVELOPMENT_ASSET_PATHS = "\"SwiftUI-List/Preview Content\"";
				DEVELOPMENT_TEAM = S3T6T5AM5G;
				ENABLE_PREVIEWS = YES;
				GENERATE_INFOPLIST_FILE = YES;
				INFOPLIST_KEY_UIApplicationSceneManifest_Generation = YES;
				INFOPLIST_KEY_UIApplicationSupportsIndirectInputEvents = YES;
				INFOPLIST_KEY_UILaunchScreen_Generation = YES;
				INFOPLIST_KEY_UISupportedInterfaceOrientations_iPad = "UIInterfaceOrientationPortrait UIInterfaceOrientationPortraitUpsideDown UIInterfaceOrientationLandscapeLeft UIInterfaceOrientationLandscapeRight";
				INFOPLIST_KEY_UISupportedInterfaceOrientations_iPhone = "UIInterfaceOrientationPortrait UIInterfaceOrientationLandscapeLeft UIInterfaceOrientationLandscapeRight";
				LD_RUNPATH_SEARCH_PATHS = (
					"$(inherited)",
					"@executable_path/Frameworks",
				);
				MARKETING_VERSION = 1.0;
				PRODUCT_BUNDLE_IDENTIFIER = "com.morshed.alam.SwiftUI-List";
				PRODUCT_NAME = "$(TARGET_NAME)";
				SWIFT_EMIT_LOC_STRINGS = YES;
				SWIFT_VERSION = 5.0;
				TARGETED_DEVICE_FAMILY = "1,2";
			};
			name = Release;
		};
/* End XCBuildConfiguration section */

/* Begin XCConfigurationList section */
		036D92F3299D91C8009D8A65 /* Build configuration list for PBXProject "SwiftUI-List" */ = {
			isa = XCConfigurationList;
			buildConfigurations = (
				036D9304299D91C9009D8A65 /* Debug */,
				036D9305299D91C9009D8A65 /* Release */,
			);
			defaultConfigurationIsVisible = 0;
			defaultConfigurationName = Release;
		};
		036D9306299D91C9009D8A65 /* Build configuration list for PBXNativeTarget "SwiftUI-List" */ = {
			isa = XCConfigurationList;
			buildConfigurations = (
				036D9307299D91C9009D8A65 /* Debug */,
				036D9308299D91C9009D8A65 /* Release */,
			);
			defaultConfigurationIsVisible = 0;
			defaultConfigurationName = Release;
		};
/* End XCConfigurationList section */
	};
	rootObject = 036D92F0299D91C8009D8A65 /* Project object */;
}
